// !$*UTF8*$!
{
	archiveVersion = 1;
	classes = {
	};
	objectVersion = 48;
	objects = {

/* Begin PBXBuildFile section */
		D65447EB20036072007D797C /* CustomTableViewCell.swift in Sources */ = {isa = PBXBuildFile; fileRef = D65447EA20036072007D797C /* CustomTableViewCell.swift */; };
		D65447ED2003698D007D797C /* WebViewController.swift in Sources */ = {isa = PBXBuildFile; fileRef = D65447EC2003698D007D797C /* WebViewController.swift */; };
		D6DD7DCF20034078009C3040 /* AppDelegate.swift in Sources */ = {isa = PBXBuildFile; fileRef = D6DD7DCE20034078009C3040 /* AppDelegate.swift */; };
		D6DD7DD120034078009C3040 /* ViewController.swift in Sources */ = {isa = PBXBuildFile; fileRef = D6DD7DD020034078009C3040 /* ViewController.swift */; };
		D6DD7DD420034078009C3040 /* Main.storyboard in Resources */ = {isa = PBXBuildFile; fileRef = D6DD7DD220034078009C3040 /* Main.storyboard */; };
		D6DD7DD620034078009C3040 /* Assets.xcassets in Resources */ = {isa = PBXBuildFile; fileRef = D6DD7DD520034078009C3040 /* Assets.xcassets */; };
		D6DD7DD920034078009C3040 /* LaunchScreen.storyboard in Resources */ = {isa = PBXBuildFile; fileRef = D6DD7DD720034078009C3040 /* LaunchScreen.storyboard */; };
		D6DD7DE1200340E4009C3040 /* demo.json in Resources */ = {isa = PBXBuildFile; fileRef = D6DD7DE0200340E4009C3040 /* demo.json */; };
		D6DD7DE3200347AC009C3040 /* JSONData.swift in Sources */ = {isa = PBXBuildFile; fileRef = D6DD7DE2200347AC009C3040 /* JSONData.swift */; };
/* End PBXBuildFile section */

/* Begin PBXFileReference section */
		D65447EA20036072007D797C /* CustomTableViewCell.swift */ = {isa = PBXFileReference; lastKnownFileType = sourcecode.swift; path = CustomTableViewCell.swift; sourceTree = "<group>"; };
		D65447EC2003698D007D797C /* WebViewController.swift */ = {isa = PBXFileReference; lastKnownFileType = sourcecode.swift; path = WebViewController.swift; sourceTree = "<group>"; };
		D6DD7DCB20034078009C3040 /* CustomJSONtoPractice.app */ = {isa = PBXFileReference; explicitFileType = wrapper.application; includeInIndex = 0; path = CustomJSONtoPractice.app; sourceTree = BUILT_PRODUCTS_DIR; };
		D6DD7DCE20034078009C3040 /* AppDelegate.swift */ = {isa = PBXFileReference; lastKnownFileType = sourcecode.swift; path = AppDelegate.swift; sourceTree = "<group>"; };
		D6DD7DD020034078009C3040 /* ViewController.swift */ = {isa = PBXFileReference; lastKnownFileType = sourcecode.swift; path = ViewController.swift; sourceTree = "<group>"; };
		D6DD7DD320034078009C3040 /* Base */ = {isa = PBXFileReference; lastKnownFileType = file.storyboard; name = Base; path = Base.lproj/Main.storyboard; sourceTree = "<group>"; };
		D6DD7DD520034078009C3040 /* Assets.xcassets */ = {isa = PBXFileReference; lastKnownFileType = folder.assetcatalog; path = Assets.xcassets; sourceTree = "<group>"; };
		D6DD7DD820034078009C3040 /* Base */ = {isa = PBXFileReference; lastKnownFileType = file.storyboard; name = Base; path = Base.lproj/LaunchScreen.storyboard; sourceTree = "<group>"; };
		D6DD7DDA20034078009C3040 /* Info.plist */ = {isa = PBXFileReference; lastKnownFileType = text.plist.xml; path = Info.plist; sourceTree = "<group>"; };
		D6DD7DE0200340E4009C3040 /* demo.json */ = {isa = PBXFileReference; lastKnownFileType = text.json; path = demo.json; sourceTree = "<group>"; };
		D6DD7DE2200347AC009C3040 /* JSONData.swift */ = {isa = PBXFileReference; lastKnownFileType = sourcecode.swift; path = JSONData.swift; sourceTree = "<group>"; };
/* End PBXFileReference section */

/* Begin PBXFrameworksBuildPhase section */
		D6DD7DC820034078009C3040 /* Frameworks */ = {
			isa = PBXFrameworksBuildPhase;
			buildActionMask = 2147483647;
			files = (
			);
			runOnlyForDeploymentPostprocessing = 0;
		};
/* End PBXFrameworksBuildPhase section */

/* Begin PBXGroup section */
		D6DD7DC220034078009C3040 = {
			isa = PBXGroup;
			children = (
				D6DD7DCD20034078009C3040 /* CustomJSONtoPractice */,
				D6DD7DCC20034078009C3040 /* Products */,
			);
			sourceTree = "<group>";
		};
		D6DD7DCC20034078009C3040 /* Products */ = {
			isa = PBXGroup;
			children = (
				D6DD7DCB20034078009C3040 /* CustomJSONtoPractice.app */,
			);
			name = Products;
			sourceTree = "<group>";
		};
		D6DD7DCD20034078009C3040 /* CustomJSONtoPractice */ = {
			isa = PBXGroup;
			children = (
				D6DD7DE0200340E4009C3040 /* demo.json */,
				D6DD7DE2200347AC009C3040 /* JSONData.swift */,
				D6DD7DCE20034078009C3040 /* AppDelegate.swift */,
				D6DD7DD020034078009C3040 /* ViewController.swift */,
				D6DD7DD220034078009C3040 /* Main.storyboard */,
				D6DD7DD520034078009C3040 /* Assets.xcassets */,
				D6DD7DD720034078009C3040 /* LaunchScreen.storyboard */,
				D65447EA20036072007D797C /* CustomTableViewCell.swift */,
				D65447EC2003698D007D797C /* WebViewController.swift */,
				D6DD7DDA20034078009C3040 /* Info.plist */,
			);
			path = CustomJSONtoPractice;
			sourceTree = "<group>";
		};
/* End PBXGroup section */

/* Begin PBXNativeTarget section */
		D6DD7DCA20034078009C3040 /* CustomJSONtoPractice */ = {
			isa = PBXNativeTarget;
			buildConfigurationList = D6DD7DDD20034078009C3040 /* Build configuration list for PBXNativeTarget "CustomJSONtoPractice" */;
			buildPhases = (
				D6DD7DC720034078009C3040 /* Sources */,
				D6DD7DC820034078009C3040 /* Frameworks */,
				D6DD7DC920034078009C3040 /* Resources */,
			);
			buildRules = (
			);
			dependencies = (
			);
			name = CustomJSONtoPractice;
			productName = CustomJSONtoPractice;
			productReference = D6DD7DCB20034078009C3040 /* CustomJSONtoPractice.app */;
			productType = "com.apple.product-type.application";
		};
/* End PBXNativeTarget section */

/* Begin PBXProject section */
		D6DD7DC320034078009C3040 /* Project object */ = {
			isa = PBXProject;
			attributes = {
				LastSwiftUpdateCheck = 0920;
				LastUpgradeCheck = 0920;
				ORGANIZATIONNAME = EthanLin;
				TargetAttributes = {
					D6DD7DCA20034078009C3040 = {
						CreatedOnToolsVersion = 9.2;
						ProvisioningStyle = Automatic;
					};
				};
			};
			buildConfigurationList = D6DD7DC620034078009C3040 /* Build configuration list for PBXProject "CustomJSONtoPractice" */;
			compatibilityVersion = "Xcode 8.0";
			developmentRegion = en;
			hasScannedForEncodings = 0;
			knownRegions = (
				en,
				Base,
			);
			mainGroup = D6DD7DC220034078009C3040;
			productRefGroup = D6DD7DCC20034078009C3040 /* Products */;
			projectDirPath = "";
			projectRoot = "";
			targets = (
				D6DD7DCA20034078009C3040 /* CustomJSONtoPractice */,
			);
		};
/* End PBXProject section */

/* Begin PBXResourcesBuildPhase section */
		D6DD7DC920034078009C3040 /* Resources */ = {
			isa = PBXResourcesBuildPhase;
			buildActionMask = 2147483647;
			files = (
				D6DD7DD920034078009C3040 /* LaunchScreen.storyboard in Resources */,
				D6DD7DD620034078009C3040 /* Assets.xcassets in Resources */,
				D6DD7DE1200340E4009C3040 /* demo.json in Resources */,
				D6DD7DD420034078009C3040 /* Main.storyboard in Resources */,
			);
			runOnlyForDeploymentPostprocessing = 0;
		};
/* End PBXResourcesBuildPhase section */

/* Begin PBXSourcesBuildPhase section */
		D6DD7DC720034078009C3040 /* Sources */ = {
			isa = PBXSourcesBuildPhase;
			buildActionMask = 2147483647;
			files = (
				D6DD7DD120034078009C3040 /* ViewController.swift in Sources */,
				D6DD7DCF20034078009C3040 /* AppDelegate.swift in Sources */,
				D65447EB20036072007D797C /* CustomTableViewCell.swift in Sources */,
				D65447ED2003698D007D797C /* WebViewController.swift in Sources */,
				D6DD7DE3200347AC009C3040 /* JSONData.swift in Sources */,
			);
			runOnlyForDeploymentPostprocessing = 0;
		};
/* End PBXSourcesBuildPhase section */

/* Begin PBXVariantGroup section */
		D6DD7DD220034078009C3040 /* Main.storyboard */ = {
			isa = PBXVariantGroup;
			children = (
				D6DD7DD320034078009C3040 /* Base */,
			);
			name = Main.storyboard;
			sourceTree = "<group>";
		};
		D6DD7DD720034078009C3040 /* LaunchScreen.storyboard */ = {
			isa = PBXVariantGroup;
			children = (
				D6DD7DD820034078009C3040 /* Base */,
			);
			name = LaunchScreen.storyboard;
			sourceTree = "<group>";
		};
/* End PBXVariantGroup section */

/* Begin XCBuildConfiguration section */
		D6DD7DDB20034078009C3040 /* Debug */ = {
			isa = XCBuildConfiguration;
			buildSettings = {
				ALWAYS_SEARCH_USER_PATHS = NO;
				CLANG_ANALYZER_NONNULL = YES;
				CLANG_ANALYZER_NUMBER_OBJECT_CONVERSION = YES_AGGRESSIVE;
				CLANG_CXX_LANGUAGE_STANDARD = "gnu++14";
				CLANG_CXX_LIBRARY = "libc++";
				CLANG_ENABLE_MODULES = YES;
				CLANG_ENABLE_OBJC_ARC = YES;
				CLANG_WARN_BLOCK_CAPTURE_AUTORELEASING = YES;
				CLANG_WARN_BOOL_CONVERSION = YES;
				CLANG_WARN_COMMA = YES;
				CLANG_WARN_CONSTANT_CONVERSION = YES;
				CLANG_WARN_DIRECT_OBJC_ISA_USAGE = YES_ERROR;
				CLANG_WARN_DOCUMENTATION_COMMENTS = YES;
				CLANG_WARN_EMPTY_BODY = YES;
				CLANG_WARN_ENUM_CONVERSION = YES;
				CLANG_WARN_INFINITE_RECURSION = YES;
				CLANG_WARN_INT_CONVERSION = YES;
				CLANG_WARN_NON_LITERAL_NULL_CONVERSION = YES;
				CLANG_WARN_OBJC_LITERAL_CONVERSION = YES;
				CLANG_WARN_OBJC_ROOT_CLASS = YES_ERROR;
				CLANG_WARN_RANGE_LOOP_ANALYSIS = YES;
				CLANG_WARN_STRICT_PROTOTYPES = YES;
				CLANG_WARN_SUSPICIOUS_MOVE = YES;
				CLANG_WARN_UNGUARDED_AVAILABILITY = YES_AGGRESSIVE;
				CLANG_WARN_UNREACHABLE_CODE = YES;
				CLANG_WARN__DUPLICATE_METHOD_MATCH = YES;
				CODE_SIGN_IDENTITY = "iPhone Developer";
				COPY_PHASE_STRIP = NO;
				DEBUG_INFORMATION_FORMAT = dwarf;
				ENABLE_STRICT_OBJC_MSGSEND = YES;
				ENABLE_TESTABILITY = YES;
				GCC_C_LANGUAGE_STANDARD = gnu11;
				GCC_DYNAMIC_NO_PIC = NO;
				GCC_NO_COMMON_BLOCKS = YES;
				GCC_OPTIMIZATION_LEVEL = 0;
				GCC_PREPROCESSOR_DEFINITIONS = (
					"DEBUG=1",
					"$(inherited)",
				);
				GCC_WARN_64_TO_32_BIT_CONVERSION = YES;
				GCC_WARN_ABOUT_RETURN_TYPE = YES_ERROR;
				GCC_WARN_UNDECLARED_SELECTOR = YES;
				GCC_WARN_UNINITIALIZED_AUTOS = YES_AGGRESSIVE;
				GCC_WARN_UNUSED_FUNCTION = YES;
				GCC_WARN_UNUSED_VARIABLE = YES;
				IPHONEOS_DEPLOYMENT_TARGET = 11.2;
				MTL_ENABLE_DEBUG_INFO = YES;
				ONLY_ACTIVE_ARCH = YES;
				SDKROOT = iphoneos;
				SWIFT_ACTIVE_COMPILATION_CONDITIONS = DEBUG;
				SWIFT_OPTIMIZATION_LEVEL = "-Onone";
			};
			name = Debug;
		};
		D6DD7DDC20034078009C3040 /* Release */ = {
			isa = XCBuildConfiguration;
			buildSettings = {
				ALWAYS_SEARCH_USER_PATHS = NO;
				CLANG_ANALYZER_NONNULL = YES;
				CLANG_ANALYZER_NUMBER_OBJECT_CONVERSION = YES_AGGRESSIVE;
				CLANG_CXX_LANGUAGE_STANDARD = "gnu++14";
				CLANG_CXX_LIBRARY = "libc++";
				CLANG_ENABLE_MODULES = YES;
				CLANG_ENABLE_OBJC_ARC = YES;
				CLANG_WARN_BLOCK_CAPTURE_AUTORELEASING = YES;
				CLANG_WARN_BOOL_CONVERSION = YES;
				CLANG_WARN_COMMA = YES;
				CLANG_WARN_CONSTANT_CONVERSION = YES;
				CLANG_WARN_DIRECT_OBJC_ISA_USAGE = YES_ERROR;
				CLANG_WARN_DOCUMENTATION_COMMENTS = YES;
				CLANG_WARN_EMPTY_BODY = YES;
				CLANG_WARN_ENUM_CONVERSION = YES;
				CLANG_WARN_INFINITE_RECURSION = YES;
				CLANG_WARN_INT_CONVERSION = YES;
				CLANG_WARN_NON_LITERAL_NULL_CONVERSION = YES;
				CLANG_WARN_OBJC_LITERAL_CONVERSION = YES;
				CLANG_WARN_OBJC_ROOT_CLASS = YES_ERROR;
				CLANG_WARN_RANGE_LOOP_ANALYSIS = YES;
				CLANG_WARN_STRICT_PROTOTYPES = YES;
				CLANG_WARN_SUSPICIOUS_MOVE = YES;
				CLANG_WARN_UNGUARDED_AVAILABILITY = YES_AGGRESSIVE;
				CLANG_WARN_UNREACHABLE_CODE = YES;
				CLANG_WARN__DUPLICATE_METHOD_MATCH = YES;
				CODE_SIGN_IDENTITY = "iPhone Developer";
				COPY_PHASE_STRIP = NO;
				DEBUG_INFORMATION_FORMAT = "dwarf-with-dsym";
				ENABLE_NS_ASSERTIONS = NO;
				ENABLE_STRICT_OBJC_MSGSEND = YES;
				GCC_C_LANGUAGE_STANDARD = gnu11;
				GCC_NO_COMMON_BLOCKS = YES;
				GCC_WARN_64_TO_32_BIT_CONVERSION = YES;
				GCC_WARN_ABOUT_RETURN_TYPE = YES_ERROR;
				GCC_WARN_UNDECLARED_SELECTOR = YES;
				GCC_WARN_UNINITIALIZED_AUTOS = YES_AGGRESSIVE;
				GCC_WARN_UNUSED_FUNCTION = YES;
				GCC_WARN_UNUSED_VARIABLE = YES;
				IPHONEOS_DEPLOYMENT_TARGET = 11.2;
				MTL_ENABLE_DEBUG_INFO = NO;
				SDKROOT = iphoneos;
				SWIFT_OPTIMIZATION_LEVEL = "-Owholemodule";
				VALIDATE_PRODUCT = YES;
			};
			name = Release;
		};
		D6DD7DDE20034078009C3040 /* Debug */ = {
			isa = XCBuildConfiguration;
			buildSettings = {
				ASSETCATALOG_COMPILER_APPICON_NAME = AppIcon;
				CODE_SIGN_STYLE = Automatic;
				DEVELOPMENT_TEAM = 47R4BK8PQH;
				INFOPLIST_FILE = CustomJSONtoPractice/Info.plist;
				LD_RUNPATH_SEARCH_PATHS = "$(inherited) @executable_path/Frameworks";
				PRODUCT_BUNDLE_IDENTIFIER = com.ethan510010.CustomJSONtoPractice;
				PRODUCT_NAME = "$(TARGET_NAME)";
				SWIFT_VERSION = 4.0;
				TARGETED_DEVICE_FAMILY = "1,2";
			};
			name = Debug;
		};
		D6DD7DDF20034078009C3040 /* Release */ = {
			isa = XCBuildConfiguration;
			buildSettings = {
				ASSETCATALOG_COMPILER_APPICON_NAME = AppIcon;
				CODE_SIGN_STYLE = Automatic;
				DEVELOPMENT_TEAM = 47R4BK8PQH;
				INFOPLIST_FILE = CustomJSONtoPractice/Info.plist;
				LD_RUNPATH_SEARCH_PATHS = "$(inherited) @executable_path/Frameworks";
				PRODUCT_BUNDLE_IDENTIFIER = com.ethan510010.CustomJSONtoPractice;
				PRODUCT_NAME = "$(TARGET_NAME)";
				SWIFT_VERSION = 4.0;
				TARGETED_DEVICE_FAMILY = "1,2";
			};
			name = Release;
		};
/* End XCBuildConfiguration section */

/* Begin XCConfigurationList section */
		D6DD7DC620034078009C3040 /* Build configuration list for PBXProject "CustomJSONtoPractice" */ = {
			isa = XCConfigurationList;
			buildConfigurations = (
				D6DD7DDB20034078009C3040 /* Debug */,
				D6DD7DDC20034078009C3040 /* Release */,
			);
			defaultConfigurationIsVisible = 0;
			defaultConfigurationName = Release;
		};
		D6DD7DDD20034078009C3040 /* Build configuration list for PBXNativeTarget "CustomJSONtoPractice" */ = {
			isa = XCConfigurationList;
			buildConfigurations = (
				D6DD7DDE20034078009C3040 /* Debug */,
				D6DD7DDF20034078009C3040 /* Release */,
			);
			defaultConfigurationIsVisible = 0;
			defaultConfigurationName = Release;
		};
/* End XCConfigurationList section */
	};
	rootObject = D6DD7DC320034078009C3040 /* Project object */;
}
